
Microsoft Visual Studio Solution File, Format Version 12.00
Project("{FAE04EC0-301F-11D3-BF4B-00C04F79EFBC}") = "Domain", "Domain\Domain.csproj", "{79951BEA-DAE7-41A6-B92E-9D8C35B445F5}"
EndProject
Project("{FAE04EC0-301F-11D3-BF4B-00C04F79EFBC}") = "API", "API\API.csproj", "{A0522DF3-BC80-41FB-A447-9873A00DC029}"
EndProject
Project("{2150E333-8FDC-42A3-9474-1A3956D46DE8}") = "Outer", "Outer", "{B4AC889D-1C79-44C5-8A19-0CEADC2FE1E7}"
EndProject
Project("{2150E333-8FDC-42A3-9474-1A3956D46DE8}") = "Core", "Core", "{7C12A2CC-F5F8-4719-8B73-FC9A9B78ADD3}"
EndProject
Project("{FAE04EC0-301F-11D3-BF4B-00C04F79EFBC}") = "Application", "Application\Application.csproj", "{926A7826-7646-413F-9662-BBDF5648DA72}"
EndProject
Project("{FAE04EC0-301F-11D3-BF4B-00C04F79EFBC}") = "Persistence", "Persistence\Persistence.csproj", "{A0789694-19E6-48EA-9270-E6108AD8B457}"
EndProject
Project("{FAE04EC0-301F-11D3-BF4B-00C04F79EFBC}") = "Infrastructure", "Infrastructure\Infrastructure.csproj", "{1652A04F-33DB-4B8B-8B9A-502B9A2788DC}"
EndProject
Global
	GlobalSection(SolutionConfigurationPlatforms) = preSolution
		Debug|Any CPU = Debug|Any CPU
		Release|Any CPU = Release|Any CPU
	EndGlobalSection
	GlobalSection(ProjectConfigurationPlatforms) = postSolution
		{79951BEA-DAE7-41A6-B92E-9D8C35B445F5}.Debug|Any CPU.ActiveCfg = Debug|Any CPU
		{79951BEA-DAE7-41A6-B92E-9D8C35B445F5}.Debug|Any CPU.Build.0 = Debug|Any CPU
		{79951BEA-DAE7-41A6-B92E-9D8C35B445F5}.Release|Any CPU.ActiveCfg = Release|Any CPU
		{79951BEA-DAE7-41A6-B92E-9D8C35B445F5}.Release|Any CPU.Build.0 = Release|Any CPU
		{A0522DF3-BC80-41FB-A447-9873A00DC029}.Debug|Any CPU.ActiveCfg = Debug|Any CPU
		{A0522DF3-BC80-41FB-A447-9873A00DC029}.Debug|Any CPU.Build.0 = Debug|Any CPU
		{A0522DF3-BC80-41FB-A447-9873A00DC029}.Release|Any CPU.ActiveCfg = Release|Any CPU
		{A0522DF3-BC80-41FB-A447-9873A00DC029}.Release|Any CPU.Build.0 = Release|Any CPU
		{926A7826-7646-413F-9662-BBDF5648DA72}.Debug|Any CPU.ActiveCfg = Debug|Any CPU
		{926A7826-7646-413F-9662-BBDF5648DA72}.Debug|Any CPU.Build.0 = Debug|Any CPU
		{926A7826-7646-413F-9662-BBDF5648DA72}.Release|Any CPU.ActiveCfg = Release|Any CPU
		{926A7826-7646-413F-9662-BBDF5648DA72}.Release|Any CPU.Build.0 = Release|Any CPU
		{A0789694-19E6-48EA-9270-E6108AD8B457}.Debug|Any CPU.ActiveCfg = Debug|Any CPU
		{A0789694-19E6-48EA-9270-E6108AD8B457}.Debug|Any CPU.Build.0 = Debug|Any CPU
		{A0789694-19E6-48EA-9270-E6108AD8B457}.Release|Any CPU.ActiveCfg = Release|Any CPU
		{A0789694-19E6-48EA-9270-E6108AD8B457}.Release|Any CPU.Build.0 = Release|Any CPU
		{1652A04F-33DB-4B8B-8B9A-502B9A2788DC}.Debug|Any CPU.ActiveCfg = Debug|Any CPU
		{1652A04F-33DB-4B8B-8B9A-502B9A2788DC}.Debug|Any CPU.Build.0 = Debug|Any CPU
		{1652A04F-33DB-4B8B-8B9A-502B9A2788DC}.Release|Any CPU.ActiveCfg = Release|Any CPU
		{1652A04F-33DB-4B8B-8B9A-502B9A2788DC}.Release|Any CPU.Build.0 = Release|Any CPU
	EndGlobalSection
	GlobalSection(NestedProjects) = preSolution
		{A0522DF3-BC80-41FB-A447-9873A00DC029} = {B4AC889D-1C79-44C5-8A19-0CEADC2FE1E7}
		{79951BEA-DAE7-41A6-B92E-9D8C35B445F5} = {7C12A2CC-F5F8-4719-8B73-FC9A9B78ADD3}
		{926A7826-7646-413F-9662-BBDF5648DA72} = {7C12A2CC-F5F8-4719-8B73-FC9A9B78ADD3}
		{A0789694-19E6-48EA-9270-E6108AD8B457} = {B4AC889D-1C79-44C5-8A19-0CEADC2FE1E7}
		{1652A04F-33DB-4B8B-8B9A-502B9A2788DC} = {B4AC889D-1C79-44C5-8A19-0CEADC2FE1E7}
	EndGlobalSection
EndGlobal
